
Microsoft Visual Studio Solution File, Format Version 12.00
# Visual Studio Version 16
VisualStudioVersion = 16.0.32413.511
MinimumVisualStudioVersion = 10.0.40219.1
Project("{FAE04EC0-301F-11D3-BF4B-00C04F79EFBC}") = "Elliptic_Curves", "Elliptic_Curves\Elliptic_Curves.csproj", "{D4564C7C-D66B-4DBC-8921-FAD88515F247}"
EndProject
Global
	GlobalSection(SolutionConfigurationPlatforms) = preSolution
		Debug|Any CPU = Debug|Any CPU
		Release|Any CPU = Release|Any CPU
	EndGlobalSection
	GlobalSection(ProjectConfigurationPlatforms) = postSolution
		{D4564C7C-D66B-4DBC-8921-FAD88515F247}.Debug|Any CPU.ActiveCfg = Debug|Any CPU
		{D4564C7C-D66B-4DBC-8921-FAD88515F247}.Debug|Any CPU.Build.0 = Debug|Any CPU
		{D4564C7C-D66B-4DBC-8921-FAD88515F247}.Release|Any CPU.ActiveCfg = Release|Any CPU
		{D4564C7C-D66B-4DBC-8921-FAD88515F247}.Release|Any CPU.Build.0 = Release|Any CPU
	EndGlobalSection
	GlobalSection(SolutionProperties) = preSolution
		HideSolutionNode = FALSE
	EndGlobalSection
	GlobalSection(ExtensibilityGlobals) = postSolution
		SolutionGuid = {8AAF0E0E-5819-48F6-94F7-3C7D38EA6243}
	EndGlobalSection
EndGlobal
